
Microsoft Visual Studio Solution File, Format Version 12.00
# Visual Studio 2013
VisualStudioVersion = 12.0.21005.1
MinimumVisualStudioVersion = 10.0.40219.1
Project("{FAE04EC0-301F-11D3-BF4B-00C04F79EFBC}") = "CampaignMonitorWebApp", "CampaignMonitorWebApp\CampaignMonitorWebApp.csproj", "{7C64148B-7A3B-400C-8096-137BE59BFF1C}"
EndProject
Project("{FAE04EC0-301F-11D3-BF4B-00C04F79EFBC}") = "CampaignMonitorWebApp.Test", "CampaignMonitorWebApp.Test\CampaignMonitorWebApp.Test.csproj", "{0DDF5D8F-26FC-4D53-9C28-204A1E29C291}"
EndProject
Global
	GlobalSection(SolutionConfigurationPlatforms) = preSolution
		Debug|Any CPU = Debug|Any CPU
		Release|Any CPU = Release|Any CPU
	EndGlobalSection
	GlobalSection(ProjectConfigurationPlatforms) = postSolution
		{7C64148B-7A3B-400C-8096-137BE59BFF1C}.Debug|Any CPU.ActiveCfg = Debug|Any CPU
		{7C64148B-7A3B-400C-8096-137BE59BFF1C}.Debug|Any CPU.Build.0 = Debug|Any CPU
		{7C64148B-7A3B-400C-8096-137BE59BFF1C}.Release|Any CPU.ActiveCfg = Release|Any CPU
		{7C64148B-7A3B-400C-8096-137BE59BFF1C}.Release|Any CPU.Build.0 = Release|Any CPU
		{0DDF5D8F-26FC-4D53-9C28-204A1E29C291}.Debug|Any CPU.ActiveCfg = Debug|Any CPU
		{0DDF5D8F-26FC-4D53-9C28-204A1E29C291}.Debug|Any CPU.Build.0 = Debug|Any CPU
		{0DDF5D8F-26FC-4D53-9C28-204A1E29C291}.Release|Any CPU.ActiveCfg = Release|Any CPU
		{0DDF5D8F-26FC-4D53-9C28-204A1E29C291}.Release|Any CPU.Build.0 = Release|Any CPU
	EndGlobalSection
	GlobalSection(SolutionProperties) = preSolution
		HideSolutionNode = FALSE
	EndGlobalSection
EndGlobal
